
Microsoft Visual Studio Solution File, Format Version 9.00
# Visual Studio 2005
Project("{8BC9CEB8-8B4A-11D0-8D11-00A0C91BC942}") = "QRCStamp", "QRCStamp.vcproj", "{B84D1F93-8B76-46FC-B6DB-14D3B5FF4A28}"
	ProjectSection(ProjectDependencies) = postProject
		{9A90BF5C-84B0-41F6-B83C-C20EADC1F46C} = {9A90BF5C-84B0-41F6-B83C-C20EADC1F46C}
	EndProjectSection
EndProject
Project("{8BC9CEB8-8B4A-11D0-8D11-00A0C91BC942}") = "qrcodelib", "qrencode-vc8-3.1.1\vc8\qrcodelib\qrcodelib.vcproj", "{9A90BF5C-84B0-41F6-B83C-C20EADC1F46C}"
EndProject
Global
	GlobalSection(SolutionConfigurationPlatforms) = preSolution
		Debug|Win32 = Debug|Win32
		Release|Win32 = Release|Win32
	EndGlobalSection
	GlobalSection(ProjectConfigurationPlatforms) = postSolution
		{B84D1F93-8B76-46FC-B6DB-14D3B5FF4A28}.Debug|Win32.ActiveCfg = Debug|Win32
		{B84D1F93-8B76-46FC-B6DB-14D3B5FF4A28}.Debug|Win32.Build.0 = Debug|Win32
		{B84D1F93-8B76-46FC-B6DB-14D3B5FF4A28}.Release|Win32.ActiveCfg = Release|Win32
		{B84D1F93-8B76-46FC-B6DB-14D3B5FF4A28}.Release|Win32.Build.0 = Release|Win32
		{9A90BF5C-84B0-41F6-B83C-C20EADC1F46C}.Debug|Win32.ActiveCfg = Debug Lib|Win32
		{9A90BF5C-84B0-41F6-B83C-C20EADC1F46C}.Debug|Win32.Build.0 = Debug Lib|Win32
		{9A90BF5C-84B0-41F6-B83C-C20EADC1F46C}.Release|Win32.ActiveCfg = Release Lib|Win32
		{9A90BF5C-84B0-41F6-B83C-C20EADC1F46C}.Release|Win32.Build.0 = Release Lib|Win32
	EndGlobalSection
	GlobalSection(SolutionProperties) = preSolution
		HideSolutionNode = FALSE
	EndGlobalSection
EndGlobal
